
Microsoft Visual Studio Solution File, Format Version 12.00
# Visual Studio Version 16
VisualStudioVersion = 16.0.33027.164
MinimumVisualStudioVersion = 10.0.40219.1
Project("{FAE04EC0-301F-11D3-BF4B-00C04F79EFBC}") = "WebformAssignment4", "WebformAssignment4.csproj", "{C9E35E80-E228-46DB-99D0-8CDF28830D65}"
EndProject
Global
	GlobalSection(SolutionConfigurationPlatforms) = preSolution
		Debug|Any CPU = Debug|Any CPU
		Release|Any CPU = Release|Any CPU
	EndGlobalSection
	GlobalSection(ProjectConfigurationPlatforms) = postSolution
		{C9E35E80-E228-46DB-99D0-8CDF28830D65}.Debug|Any CPU.ActiveCfg = Debug|Any CPU
		{C9E35E80-E228-46DB-99D0-8CDF28830D65}.Debug|Any CPU.Build.0 = Debug|Any CPU
		{C9E35E80-E228-46DB-99D0-8CDF28830D65}.Release|Any CPU.ActiveCfg = Release|Any CPU
		{C9E35E80-E228-46DB-99D0-8CDF28830D65}.Release|Any CPU.Build.0 = Release|Any CPU
	EndGlobalSection
	GlobalSection(SolutionProperties) = preSolution
		HideSolutionNode = FALSE
	EndGlobalSection
	GlobalSection(ExtensibilityGlobals) = postSolution
		SolutionGuid = {7308FC64-E2E2-4EBC-BF70-8645CA8E6B37}
	EndGlobalSection
EndGlobal
